# This file is automatically @generated by Cargo.
# It is not intended for manual editing.
version = 3

[[package]]
name = "lcl-capabilities"
version = "0.0.0"
dependencies = [
 "lcl-diagnostics",
 "lcl-spec",
]

[[package]]
name = "lcl-checker"
version = "0.0.0"
dependencies = [
 "lcl-diagnostics",
 "lcl-lexer",
 "lcl-parser",
 "lcl-resolver",
 "lcl-spec",
]

[[package]]
name = "lcl-cli"
version = "0.0.0"
dependencies = [
 "lcl-capabilities",
 "lcl-lexer",
 "lcl-project",
 "lcl-protocol",
 "lcl-resolver",
 "lcl-spec",
 "lcl-stdlib",
]

[[package]]
name = "lcl-completion"
version = "0.0.0"
dependencies = [
 "lcl-capabilities",
 "lcl-checker",
 "lcl-diagnostics",
 "lcl-lexer",
 "lcl-parser",
 "lcl-resolver",
 "lcl-runtime",
 "lcl-semantics",
 "lcl-spec",
 "lcl-stdlib",
]

[[package]]
name = "lcl-conformance"
version = "0.0.0"
dependencies = [
 "lcl-capabilities",
 "lcl-checker",
 "lcl-completion",
 "lcl-diagnostics",
 "lcl-lexer",
 "lcl-parser",
 "lcl-resolver",
 "lcl-runtime",
 "lcl-semantics",
 "lcl-spec",
 "lcl-stdlib",
]

[[package]]
name = "lcl-diagnostics"
version = "0.0.0"
dependencies = [
 "lcl-spec",
]

[[package]]
name = "lcl-lexer"
version = "0.0.0"
dependencies = [
 "lcl-diagnostics",
 "lcl-spec",
]

[[package]]
name = "lcl-parser"
version = "0.0.0"
dependencies = [
 "lcl-diagnostics",
 "lcl-lexer",
 "lcl-spec",
]

[[package]]
name = "lcl-project"
version = "0.0.0"
dependencies = [
 "lcl-capabilities",
 "lcl-lexer",
 "lcl-resolver",
 "lcl-spec",
]

[[package]]
name = "lcl-protocol"
version = "0.0.0"
dependencies = [
 "lcl-capabilities",
 "lcl-checker",
 "lcl-completion",
 "lcl-diagnostics",
 "lcl-lexer",
 "lcl-parser",
 "lcl-resolver",
 "lcl-runtime",
 "lcl-semantics",
 "lcl-spec",
 "lcl-stdlib",
]

[[package]]
name = "lcl-resolver"
version = "0.0.0"
dependencies = [
 "lcl-diagnostics",
 "lcl-lexer",
 "lcl-parser",
 "lcl-spec",
]

[[package]]
name = "lcl-runtime"
version = "0.0.0"
dependencies = [
 "lcl-checker",
 "lcl-diagnostics",
 "lcl-lexer",
 "lcl-parser",
 "lcl-resolver",
 "lcl-semantics",
 "lcl-spec",
]

[[package]]
name = "lcl-semantics"
version = "0.0.0"
dependencies = [
 "lcl-checker",
 "lcl-diagnostics",
 "lcl-lexer",
 "lcl-parser",
 "lcl-resolver",
 "lcl-spec",
]

[[package]]
name = "lcl-spec"
version = "0.0.0"

[[package]]
name = "lcl-stdlib"
version = "0.0.0"
dependencies = [
 "lcl-capabilities",
 "lcl-checker",
 "lcl-diagnostics",
 "lcl-lexer",
 "lcl-parser",
 "lcl-resolver",
 "lcl-runtime",
 "lcl-semantics",
 "lcl-spec",
]
