# This file is automatically @generated by Cargo.
# It is not intended for manual editing.
version = 3

[[package]]
name = "lcl-conformance"
version = "0.0.0"
dependencies = [
 "lcl-diagnostics",
 "lcl-spec",
]

[[package]]
name = "lcl-diagnostics"
version = "0.0.0"
dependencies = [
 "lcl-spec",
]

[[package]]
name = "lcl-lexer"
version = "0.0.0"
dependencies = [
 "lcl-diagnostics",
 "lcl-spec",
]

[[package]]
name = "lcl-parser"
version = "0.0.0"
dependencies = [
 "lcl-diagnostics",
 "lcl-lexer",
 "lcl-spec",
]

[[package]]
name = "lcl-resolver"
version = "0.0.0"
dependencies = [
 "lcl-diagnostics",
 "lcl-lexer",
 "lcl-parser",
 "lcl-spec",
]

[[package]]
name = "lcl-spec"
version = "0.0.0"
